Microsoft Visual Studio Solution File, Format Version 11.00
# Visual C++ Express 2010
Project("{8BC9CEB8-8B4A-11D0-8D11-00A0C91BC942}") = "Viz", "Viz.vcxproj", "{D12FC3E4-F0E9-4D51-999C-6A0CD4C70C50}"
EndProject
Global
	GlobalSection(SolutionConfigurationPlatforms) = preSolution
		Debug|Win32 = Debug|Win32
		Release|Win32 = Release|Win32
	EndGlobalSection
	GlobalSection(ProjectConfigurationPlatforms) = postSolution
		{D12FC3E4-F0E9-4D51-999C-6A0CD4C70C50}.Debug|Win32.ActiveCfg = Debug|Win32
		{D12FC3E4-F0E9-4D51-999C-6A0CD4C70C50}.Debug|Win32.Build.0 = Debug|Win32
		{D12FC3E4-F0E9-4D51-999C-6A0CD4C70C50}.Release|Win32.ActiveCfg = Release|Win32
		{D12FC3E4-F0E9-4D51-999C-6A0CD4C70C50}.Release|Win32.Build.0 = Release|Win32
	EndGlobalSection
	GlobalSection(SolutionProperties) = preSolution
		HideSolutionNode = FALSE
	EndGlobalSection
EndGlobal
